// !$*UTF8*$!
{
	archiveVersion = 1;
	classes = {
	};
	objectVersion = 46;
	objects = {

/* Begin PBXBuildFile section */
		699E250DAC63C22F94BC3B57 /* Pods_hztb.framework in Frameworks */ = {isa = PBXBuildFile; fileRef = 459A06A0FE9670438B059C59 /* Pods_hztb.framework */; };
		AE3DF8911D6C6DAD00D62B83 /* countries.csv in Resources */ = {isa = PBXBuildFile; fileRef = AE3DF8901D6C6DAD00D62B83 /* countries.csv */; };
		AE62B0731D6AD40500ACCC42 /* AppDelegate.swift in Sources */ = {isa = PBXBuildFile; fileRef = AE62B0721D6AD40500ACCC42 /* AppDelegate.swift */; };
		AE62B0751D6AD40500ACCC42 /* ViewControllerOne.swift in Sources */ = {isa = PBXBuildFile; fileRef = AE62B0741D6AD40500ACCC42 /* ViewControllerOne.swift */; };
		AE62B0781D6AD40500ACCC42 /* Main.storyboard in Resources */ = {isa = PBXBuildFile; fileRef = AE62B0761D6AD40500ACCC42 /* Main.storyboard */; };
		AE62B07A1D6AD40500ACCC42 /* Assets.xcassets in Resources */ = {isa = PBXBuildFile; fileRef = AE62B0791D6AD40500ACCC42 /* Assets.xcassets */; };
		AE62B07D1D6AD40500ACCC42 /* LaunchScreen.storyboard in Resources */ = {isa = PBXBuildFile; fileRef = AE62B07B1D6AD40500ACCC42 /* LaunchScreen.storyboard */; };
/* End PBXBuildFile section */

/* Begin PBXFileReference section */
		0AC2EC75403C566DE4705B09 /* Pods-hztb.debug.xcconfig */ = {isa = PBXFileReference; includeInIndex = 1; lastKnownFileType = text.xcconfig; name = "Pods-hztb.debug.xcconfig"; path = "Pods/Target Support Files/Pods-hztb/Pods-hztb.debug.xcconfig"; sourceTree = "<group>"; };
		459A06A0FE9670438B059C59 /* Pods_hztb.framework */ = {isa = PBXFileReference; explicitFileType = wrapper.framework; includeInIndex = 0; path = Pods_hztb.framework; sourceTree = BUILT_PRODUCTS_DIR; };
		AE3DF8901D6C6DAD00D62B83 /* countries.csv */ = {isa = PBXFileReference; fileEncoding = 4; lastKnownFileType = text; path = countries.csv; sourceTree = "<group>"; };
		AE62B06F1D6AD40500ACCC42 /* hztb.app */ = {isa = PBXFileReference; explicitFileType = wrapper.application; includeInIndex = 0; path = hztb.app; sourceTree = BUILT_PRODUCTS_DIR; };
		AE62B0721D6AD40500ACCC42 /* AppDelegate.swift */ = {isa = PBXFileReference; lastKnownFileType = sourcecode.swift; path = AppDelegate.swift; sourceTree = "<group>"; };
		AE62B0741D6AD40500ACCC42 /* ViewControllerOne.swift */ = {isa = PBXFileReference; lastKnownFileType = sourcecode.swift; path = ViewControllerOne.swift; sourceTree = "<group>"; };
		AE62B0771D6AD40500ACCC42 /* Base */ = {isa = PBXFileReference; lastKnownFileType = file.storyboard; name = Base; path = Base.lproj/Main.storyboard; sourceTree = "<group>"; };
		AE62B0791D6AD40500ACCC42 /* Assets.xcassets */ = {isa = PBXFileReference; lastKnownFileType = folder.assetcatalog; path = Assets.xcassets; sourceTree = "<group>"; };
		AE62B07C1D6AD40500ACCC42 /* Base */ = {isa = PBXFileReference; lastKnownFileType = file.storyboard; name = Base; path = Base.lproj/LaunchScreen.storyboard; sourceTree = "<group>"; };
		AE62B07E1D6AD40500ACCC42 /* Info.plist */ = {isa = PBXFileReference; lastKnownFileType = text.plist.xml; path = Info.plist; sourceTree = "<group>"; };
		B73E78B6B748949E32F7EAC1 /* Pods-hztb.release.xcconfig */ = {isa = PBXFileReference; includeInIndex = 1; lastKnownFileType = text.xcconfig; name = "Pods-hztb.release.xcconfig"; path = "Pods/Target Support Files/Pods-hztb/Pods-hztb.release.xcconfig"; sourceTree = "<group>"; };
/* End PBXFileReference section */

/* Begin PBXFrameworksBuildPhase section */
		AE62B06C1D6AD40500ACCC42 /* Frameworks */ = {
			isa = PBXFrameworksBuildPhase;
			buildActionMask = 2147483647;
			files = (
				699E250DAC63C22F94BC3B57 /* Pods_hztb.framework in Frameworks */,
			);
			runOnlyForDeploymentPostprocessing = 0;
		};
/* End PBXFrameworksBuildPhase section */

/* Begin PBXGroup section */
		441E9F1785D86BF0920B7388 /* Pods */ = {
			isa = PBXGroup;
			children = (
				0AC2EC75403C566DE4705B09 /* Pods-hztb.debug.xcconfig */,
				B73E78B6B748949E32F7EAC1 /* Pods-hztb.release.xcconfig */,
			);
			name = Pods;
			sourceTree = "<group>";
		};
		558B6CE7751C2CE266F674D4 /* Frameworks */ = {
			isa = PBXGroup;
			children = (
				459A06A0FE9670438B059C59 /* Pods_hztb.framework */,
			);
			name = Frameworks;
			sourceTree = "<group>";
		};
		AE62B0661D6AD40500ACCC42 = {
			isa = PBXGroup;
			children = (
				AE62B0711D6AD40500ACCC42 /* hztb */,
				AE62B0701D6AD40500ACCC42 /* Products */,
				441E9F1785D86BF0920B7388 /* Pods */,
				558B6CE7751C2CE266F674D4 /* Frameworks */,
			);
			sourceTree = "<group>";
		};
		AE62B0701D6AD40500ACCC42 /* Products */ = {
			isa = PBXGroup;
			children = (
				AE62B06F1D6AD40500ACCC42 /* hztb.app */,
			);
			name = Products;
			sourceTree = "<group>";
		};
		AE62B0711D6AD40500ACCC42 /* hztb */ = {
			isa = PBXGroup;
			children = (
				AE3DF8901D6C6DAD00D62B83 /* countries.csv */,
				AE62B0721D6AD40500ACCC42 /* AppDelegate.swift */,
				AE62B0741D6AD40500ACCC42 /* ViewControllerOne.swift */,
				AE62B0791D6AD40500ACCC42 /* Assets.xcassets */,
				AE62B0761D6AD40500ACCC42 /* Main.storyboard */,
				AE62B07B1D6AD40500ACCC42 /* LaunchScreen.storyboard */,
				AE62B07E1D6AD40500ACCC42 /* Info.plist */,
			);
			path = hztb;
			sourceTree = "<group>";
		};
/* End PBXGroup section */

/* Begin PBXNativeTarget section */
		AE62B06E1D6AD40500ACCC42 /* hztb */ = {
			isa = PBXNativeTarget;
			buildConfigurationList = AE62B0811D6AD40500ACCC42 /* Build configuration list for PBXNativeTarget "hztb" */;
			buildPhases = (
				C34EF6C0A7939D21C048CF1C /* [CP] Check Pods Manifest.lock */,
				AE62B06B1D6AD40500ACCC42 /* Sources */,
				AE62B06C1D6AD40500ACCC42 /* Frameworks */,
				AE62B06D1D6AD40500ACCC42 /* Resources */,
				5BF70308B7169AE4CFBD421D /* [CP] Embed Pods Frameworks */,
				32863402D86769C90A92E70C /* [CP] Copy Pods Resources */,
			);
			buildRules = (
			);
			dependencies = (
			);
			name = hztb;
			productName = hztb;
			productReference = AE62B06F1D6AD40500ACCC42 /* hztb.app */;
			productType = "com.apple.product-type.application";
		};
/* End PBXNativeTarget section */

/* Begin PBXProject section */
		AE62B0671D6AD40500ACCC42 /* Project object */ = {
			isa = PBXProject;
			attributes = {
				LastSwiftUpdateCheck = 0730;
				LastUpgradeCheck = 0730;
				ORGANIZATIONNAME = hztb.com;
				TargetAttributes = {
					AE62B06E1D6AD40500ACCC42 = {
						CreatedOnToolsVersion = 7.3.1;
						DevelopmentTeam = YKR7B3DLF3;
					};
				};
			};
			buildConfigurationList = AE62B06A1D6AD40500ACCC42 /* Build configuration list for PBXProject "hztb" */;
			compatibilityVersion = "Xcode 3.2";
			developmentRegion = English;
			hasScannedForEncodings = 0;
			knownRegions = (
				en,
				Base,
			);
			mainGroup = AE62B0661D6AD40500ACCC42;
			productRefGroup = AE62B0701D6AD40500ACCC42 /* Products */;
			projectDirPath = "";
			projectRoot = "";
			targets = (
				AE62B06E1D6AD40500ACCC42 /* hztb */,
			);
		};
/* End PBXProject section */

/* Begin PBXResourcesBuildPhase section */
		AE62B06D1D6AD40500ACCC42 /* Resources */ = {
			isa = PBXResourcesBuildPhase;
			buildActionMask = 2147483647;
			files = (
				AE62B07D1D6AD40500ACCC42 /* LaunchScreen.storyboard in Resources */,
				AE62B07A1D6AD40500ACCC42 /* Assets.xcassets in Resources */,
				AE62B0781D6AD40500ACCC42 /* Main.storyboard in Resources */,
				AE3DF8911D6C6DAD00D62B83 /* countries.csv in Resources */,
			);
			runOnlyForDeploymentPostprocessing = 0;
		};
/* End PBXResourcesBuildPhase section */

/* Begin PBXShellScriptBuildPhase section */
		32863402D86769C90A92E70C /* [CP] Copy Pods Resources */ = {
			isa = PBXShellScriptBuildPhase;
			buildActionMask = 2147483647;
			files = (
			);
			inputPaths = (
			);
			name = "[CP] Copy Pods Resources";
			outputPaths = (
			);
			runOnlyForDeploymentPostprocessing = 0;
			shellPath = /bin/sh;
			shellScript = "\"${SRCROOT}/Pods/Target Support Files/Pods-hztb/Pods-hztb-resources.sh\"\n";
			showEnvVarsInLog = 0;
		};
		5BF70308B7169AE4CFBD421D /* [CP] Embed Pods Frameworks */ = {
			isa = PBXShellScriptBuildPhase;
			buildActionMask = 2147483647;
			files = (
			);
			inputPaths = (
			);
			name = "[CP] Embed Pods Frameworks";
			outputPaths = (
			);
			runOnlyForDeploymentPostprocessing = 0;
			shellPath = /bin/sh;
			shellScript = "\"${SRCROOT}/Pods/Target Support Files/Pods-hztb/Pods-hztb-frameworks.sh\"\n";
			showEnvVarsInLog = 0;
		};
		C34EF6C0A7939D21C048CF1C /* [CP] Check Pods Manifest.lock */ = {
			isa = PBXShellScriptBuildPhase;
			buildActionMask = 2147483647;
			files = (
			);
			inputPaths = (
			);
			name = "[CP] Check Pods Manifest.lock";
			outputPaths = (
			);
			runOnlyForDeploymentPostprocessing = 0;
			shellPath = /bin/sh;
			shellScript = "diff \"${PODS_ROOT}/../Podfile.lock\" \"${PODS_ROOT}/Manifest.lock\" > /dev/null\nif [[ $? != 0 ]] ; then\n    cat << EOM\nerror: The sandbox is not in sync with the Podfile.lock. Run 'pod install' or update your CocoaPods installation.\nEOM\n    exit 1\nfi\n";
			showEnvVarsInLog = 0;
		};
/* End PBXShellScriptBuildPhase section */

/* Begin PBXSourcesBuildPhase section */
		AE62B06B1D6AD40500ACCC42 /* Sources */ = {
			isa = PBXSourcesBuildPhase;
			buildActionMask = 2147483647;
			files = (
				AE62B0751D6AD40500ACCC42 /* ViewControllerOne.swift in Sources */,
				AE62B0731D6AD40500ACCC42 /* AppDelegate.swift in Sources */,
			);
			runOnlyForDeploymentPostprocessing = 0;
		};
/* End PBXSourcesBuildPhase section */

/* Begin PBXVariantGroup section */
		AE62B0761D6AD40500ACCC42 /* Main.storyboard */ = {
			isa = PBXVariantGroup;
			children = (
				AE62B0771D6AD40500ACCC42 /* Base */,
			);
			name = Main.storyboard;
			sourceTree = "<group>";
		};
		AE62B07B1D6AD40500ACCC42 /* LaunchScreen.storyboard */ = {
			isa = PBXVariantGroup;
			children = (
				AE62B07C1D6AD40500ACCC42 /* Base */,
			);
			name = LaunchScreen.storyboard;
			sourceTree = "<group>";
		};
/* End PBXVariantGroup section */

/* Begin XCBuildConfiguration section */
		AE62B07F1D6AD40500ACCC42 /* Debug */ = {
			isa = XCBuildConfiguration;
			buildSettings = {
				ALWAYS_SEARCH_USER_PATHS = NO;
				CLANG_ANALYZER_NONNULL = YES;
				CLANG_CXX_LANGUAGE_STANDARD = "gnu++0x";
				CLANG_CXX_LIBRARY = "libc++";
				CLANG_ENABLE_MODULES = YES;
				CLANG_ENABLE_OBJC_ARC = YES;
				CLANG_WARN_BOOL_CONVERSION = YES;
				CLANG_WARN_CONSTANT_CONVERSION = YES;
				CLANG_WARN_DIRECT_OBJC_ISA_USAGE = YES_ERROR;
				CLANG_WARN_EMPTY_BODY = YES;
				CLANG_WARN_ENUM_CONVERSION = YES;
				CLANG_WARN_INT_CONVERSION = YES;
				CLANG_WARN_OBJC_ROOT_CLASS = YES_ERROR;
				CLANG_WARN_UNREACHABLE_CODE = YES;
				CLANG_WARN__DUPLICATE_METHOD_MATCH = YES;
				CODE_SIGN_IDENTITY = "iPhone Distribution: Mayur Pawar (YKR7B3DLF3)";
				"CODE_SIGN_IDENTITY[sdk=iphoneos*]" = "iPhone Distribution: Mayur Pawar (YKR7B3DLF3)";
				COPY_PHASE_STRIP = NO;
				DEBUG_INFORMATION_FORMAT = dwarf;
				ENABLE_STRICT_OBJC_MSGSEND = YES;
				ENABLE_TESTABILITY = YES;
				GCC_C_LANGUAGE_STANDARD = gnu99;
				GCC_DYNAMIC_NO_PIC = NO;
				GCC_NO_COMMON_BLOCKS = YES;
				GCC_OPTIMIZATION_LEVEL = 0;
				GCC_PREPROCESSOR_DEFINITIONS = (
					"DEBUG=1",
					"$(inherited)",
				);
				GCC_WARN_64_TO_32_BIT_CONVERSION = YES;
				GCC_WARN_ABOUT_RETURN_TYPE = YES_ERROR;
				GCC_WARN_UNDECLARED_SELECTOR = YES;
				GCC_WARN_UNINITIALIZED_AUTOS = YES_AGGRESSIVE;
				GCC_WARN_UNUSED_FUNCTION = YES;
				GCC_WARN_UNUSED_VARIABLE = YES;
				IPHONEOS_DEPLOYMENT_TARGET = 9.3;
				MTL_ENABLE_DEBUG_INFO = YES;
				ONLY_ACTIVE_ARCH = YES;
				SDKROOT = iphoneos;
				SWIFT_OPTIMIZATION_LEVEL = "-Onone";
			};
			name = Debug;
		};
		AE62B0801D6AD40500ACCC42 /* Release */ = {
			isa = XCBuildConfiguration;
			buildSettings = {
				ALWAYS_SEARCH_USER_PATHS = NO;
				CLANG_ANALYZER_NONNULL = YES;
				CLANG_CXX_LANGUAGE_STANDARD = "gnu++0x";
				CLANG_CXX_LIBRARY = "libc++";
				CLANG_ENABLE_MODULES = YES;
				CLANG_ENABLE_OBJC_ARC = YES;
				CLANG_WARN_BOOL_CONVERSION = YES;
				CLANG_WARN_CONSTANT_CONVERSION = YES;
				CLANG_WARN_DIRECT_OBJC_ISA_USAGE = YES_ERROR;
				CLANG_WARN_EMPTY_BODY = YES;
				CLANG_WARN_ENUM_CONVERSION = YES;
				CLANG_WARN_INT_CONVERSION = YES;
				CLANG_WARN_OBJC_ROOT_CLASS = YES_ERROR;
				CLANG_WARN_UNREACHABLE_CODE = YES;
				CLANG_WARN__DUPLICATE_METHOD_MATCH = YES;
				CODE_SIGN_IDENTITY = "iPhone Distribution: Mayur Pawar (YKR7B3DLF3)";
				"CODE_SIGN_IDENTITY[sdk=iphoneos*]" = "iPhone Distribution: Mayur Pawar (YKR7B3DLF3)";
				COPY_PHASE_STRIP = NO;
				DEBUG_INFORMATION_FORMAT = "dwarf-with-dsym";
				ENABLE_NS_ASSERTIONS = NO;
				ENABLE_STRICT_OBJC_MSGSEND = YES;
				GCC_C_LANGUAGE_STANDARD = gnu99;
				GCC_NO_COMMON_BLOCKS = YES;
				GCC_WARN_64_TO_32_BIT_CONVERSION = YES;
				GCC_WARN_ABOUT_RETURN_TYPE = YES_ERROR;
				GCC_WARN_UNDECLARED_SELECTOR = YES;
				GCC_WARN_UNINITIALIZED_AUTOS = YES_AGGRESSIVE;
				GCC_WARN_UNUSED_FUNCTION = YES;
				GCC_WARN_UNUSED_VARIABLE = YES;
				IPHONEOS_DEPLOYMENT_TARGET = 9.3;
				MTL_ENABLE_DEBUG_INFO = NO;
				SDKROOT = iphoneos;
				VALIDATE_PRODUCT = YES;
			};
			name = Release;
		};
		AE62B0821D6AD40500ACCC42 /* Debug */ = {
			isa = XCBuildConfiguration;
			baseConfigurationReference = 0AC2EC75403C566DE4705B09 /* Pods-hztb.debug.xcconfig */;
			buildSettings = {
				ASSETCATALOG_COMPILER_APPICON_NAME = AppIcon;
				CODE_SIGN_IDENTITY = "iPhone Developer";
				INFOPLIST_FILE = hztb/Info.plist;
				LD_RUNPATH_SEARCH_PATHS = "$(inherited) @executable_path/Frameworks";
				PRODUCT_BUNDLE_IDENTIFIER = biz.pivotaldesign.hztb;
				PRODUCT_NAME = "$(TARGET_NAME)";
			};
			name = Debug;
		};
		AE62B0831D6AD40500ACCC42 /* Release */ = {
			isa = XCBuildConfiguration;
			baseConfigurationReference = B73E78B6B748949E32F7EAC1 /* Pods-hztb.release.xcconfig */;
			buildSettings = {
				ASSETCATALOG_COMPILER_APPICON_NAME = AppIcon;
				CODE_SIGN_IDENTITY = "iPhone Developer";
				INFOPLIST_FILE = hztb/Info.plist;
				LD_RUNPATH_SEARCH_PATHS = "$(inherited) @executable_path/Frameworks";
				PRODUCT_BUNDLE_IDENTIFIER = biz.pivotaldesign.hztb;
				PRODUCT_NAME = "$(TARGET_NAME)";
			};
			name = Release;
		};
/* End XCBuildConfiguration section */

/* Begin XCConfigurationList section */
		AE62B06A1D6AD40500ACCC42 /* Build configuration list for PBXProject "hztb" */ = {
			isa = XCConfigurationList;
			buildConfigurations = (
				AE62B07F1D6AD40500ACCC42 /* Debug */,
				AE62B0801D6AD40500ACCC42 /* Release */,
			);
			defaultConfigurationIsVisible = 0;
			defaultConfigurationName = Release;
		};
		AE62B0811D6AD40500ACCC42 /* Build configuration list for PBXNativeTarget "hztb" */ = {
			isa = XCConfigurationList;
			buildConfigurations = (
				AE62B0821D6AD40500ACCC42 /* Debug */,
				AE62B0831D6AD40500ACCC42 /* Release */,
			);
			defaultConfigurationIsVisible = 0;
			defaultConfigurationName = Release;
		};
/* End XCConfigurationList section */
	};
	rootObject = AE62B0671D6AD40500ACCC42 /* Project object */;
}
